
Microsoft Visual Studio Solution File, Format Version 12.00
# Visual Studio Version 16
VisualStudioVersion = 16.0.30204.135
MinimumVisualStudioVersion = 10.0.40219.1
Project("{FAE04EC0-301F-11D3-BF4B-00C04F79EFBC}") = "desafio.api", "desafio.api\desafio.api.csproj", "{CD749B83-5091-48E2-A733-2C0B40F84370}"
EndProject
Project("{FAE04EC0-301F-11D3-BF4B-00C04F79EFBC}") = "desafio.dados", "desafio.dados\desafio.dados.csproj", "{1DD91BDA-920A-47EE-91B7-8A4EA4A257D6}"
EndProject
Global
	GlobalSection(SolutionConfigurationPlatforms) = preSolution
		Debug|Any CPU = Debug|Any CPU
		Release|Any CPU = Release|Any CPU
	EndGlobalSection
	GlobalSection(ProjectConfigurationPlatforms) = postSolution
		{CD749B83-5091-48E2-A733-2C0B40F84370}.Debug|Any CPU.ActiveCfg = Debug|Any CPU
		{CD749B83-5091-48E2-A733-2C0B40F84370}.Debug|Any CPU.Build.0 = Debug|Any CPU
		{CD749B83-5091-48E2-A733-2C0B40F84370}.Release|Any CPU.ActiveCfg = Release|Any CPU
		{CD749B83-5091-48E2-A733-2C0B40F84370}.Release|Any CPU.Build.0 = Release|Any CPU
		{1DD91BDA-920A-47EE-91B7-8A4EA4A257D6}.Debug|Any CPU.ActiveCfg = Debug|Any CPU
		{1DD91BDA-920A-47EE-91B7-8A4EA4A257D6}.Debug|Any CPU.Build.0 = Debug|Any CPU
		{1DD91BDA-920A-47EE-91B7-8A4EA4A257D6}.Release|Any CPU.ActiveCfg = Release|Any CPU
		{1DD91BDA-920A-47EE-91B7-8A4EA4A257D6}.Release|Any CPU.Build.0 = Release|Any CPU
	EndGlobalSection
	GlobalSection(SolutionProperties) = preSolution
		HideSolutionNode = FALSE
	EndGlobalSection
	GlobalSection(ExtensibilityGlobals) = postSolution
		SolutionGuid = {AB84834C-7DA0-49FC-8FC4-0F6E948A43A9}
	EndGlobalSection
EndGlobal
